// !$*UTF8*$!
{
	archiveVersion = 1;
	classes = {
	};
	objectVersion = 46;
	objects = {

/* Begin PBXBuildFile section */
		16B76CD51C882FBD00519202 /* AppDelegate.swift in Sources */ = {isa = PBXBuildFile; fileRef = 16B76CD41C882FBD00519202 /* AppDelegate.swift */; };
		16B76CD71C882FBD00519202 /* ViewController.swift in Sources */ = {isa = PBXBuildFile; fileRef = 16B76CD61C882FBD00519202 /* ViewController.swift */; };
		16B76CDA1C882FBD00519202 /* Main.storyboard in Resources */ = {isa = PBXBuildFile; fileRef = 16B76CD81C882FBD00519202 /* Main.storyboard */; };
		16B76CDC1C882FBD00519202 /* Assets.xcassets in Resources */ = {isa = PBXBuildFile; fileRef = 16B76CDB1C882FBD00519202 /* Assets.xcassets */; };
		16B76CDF1C882FBD00519202 /* LaunchScreen.storyboard in Resources */ = {isa = PBXBuildFile; fileRef = 16B76CDD1C882FBD00519202 /* LaunchScreen.storyboard */; };
		16B76CEA1C882FBD00519202 /* calendarTests.swift in Sources */ = {isa = PBXBuildFile; fileRef = 16B76CE91C882FBD00519202 /* calendarTests.swift */; };
		16B76CF51C882FBD00519202 /* calendarUITests.swift in Sources */ = {isa = PBXBuildFile; fileRef = 16B76CF41C882FBD00519202 /* calendarUITests.swift */; };
/* End PBXBuildFile section */

/* Begin PBXContainerItemProxy section */
		16B76CE61C882FBD00519202 /* PBXContainerItemProxy */ = {
			isa = PBXContainerItemProxy;
			containerPortal = 16B76CC91C882FBD00519202 /* Project object */;
			proxyType = 1;
			remoteGlobalIDString = 16B76CD01C882FBD00519202;
			remoteInfo = calendar;
		};
		16B76CF11C882FBD00519202 /* PBXContainerItemProxy */ = {
			isa = PBXContainerItemProxy;
			containerPortal = 16B76CC91C882FBD00519202 /* Project object */;
			proxyType = 1;
			remoteGlobalIDString = 16B76CD01C882FBD00519202;
			remoteInfo = calendar;
		};
/* End PBXContainerItemProxy section */

/* Begin PBXFileReference section */
		16B76CD11C882FBD00519202 /* calendar.app */ = {isa = PBXFileReference; explicitFileType = wrapper.application; includeInIndex = 0; path = calendar.app; sourceTree = BUILT_PRODUCTS_DIR; };
		16B76CD41C882FBD00519202 /* AppDelegate.swift */ = {isa = PBXFileReference; lastKnownFileType = sourcecode.swift; path = AppDelegate.swift; sourceTree = "<group>"; };
		16B76CD61C882FBD00519202 /* ViewController.swift */ = {isa = PBXFileReference; lastKnownFileType = sourcecode.swift; path = ViewController.swift; sourceTree = "<group>"; };
		16B76CD91C882FBD00519202 /* Base */ = {isa = PBXFileReference; lastKnownFileType = file.storyboard; name = Base; path = Base.lproj/Main.storyboard; sourceTree = "<group>"; };
		16B76CDB1C882FBD00519202 /* Assets.xcassets */ = {isa = PBXFileReference; lastKnownFileType = folder.assetcatalog; path = Assets.xcassets; sourceTree = "<group>"; };
		16B76CDE1C882FBD00519202 /* Base */ = {isa = PBXFileReference; lastKnownFileType = file.storyboard; name = Base; path = Base.lproj/LaunchScreen.storyboard; sourceTree = "<group>"; };
		16B76CE01C882FBD00519202 /* Info.plist */ = {isa = PBXFileReference; lastKnownFileType = text.plist.xml; path = Info.plist; sourceTree = "<group>"; };
		16B76CE51C882FBD00519202 /* calendarTests.xctest */ = {isa = PBXFileReference; explicitFileType = wrapper.cfbundle; includeInIndex = 0; path = calendarTests.xctest; sourceTree = BUILT_PRODUCTS_DIR; };
		16B76CE91C882FBD00519202 /* calendarTests.swift */ = {isa = PBXFileReference; lastKnownFileType = sourcecode.swift; path = calendarTests.swift; sourceTree = "<group>"; };
		16B76CEB1C882FBD00519202 /* Info.plist */ = {isa = PBXFileReference; lastKnownFileType = text.plist.xml; path = Info.plist; sourceTree = "<group>"; };
		16B76CF01C882FBD00519202 /* calendarUITests.xctest */ = {isa = PBXFileReference; explicitFileType = wrapper.cfbundle; includeInIndex = 0; path = calendarUITests.xctest; sourceTree = BUILT_PRODUCTS_DIR; };
		16B76CF41C882FBD00519202 /* calendarUITests.swift */ = {isa = PBXFileReference; lastKnownFileType = sourcecode.swift; path = calendarUITests.swift; sourceTree = "<group>"; };
		16B76CF61C882FBD00519202 /* Info.plist */ = {isa = PBXFileReference; lastKnownFileType = text.plist.xml; path = Info.plist; sourceTree = "<group>"; };
/* End PBXFileReference section */

/* Begin PBXFrameworksBuildPhase section */
		16B76CCE1C882FBD00519202 /* Frameworks */ = {
			isa = PBXFrameworksBuildPhase;
			buildActionMask = 2147483647;
			files = (
			);
			runOnlyForDeploymentPostprocessing = 0;
		};
		16B76CE21C882FBD00519202 /* Frameworks */ = {
			isa = PBXFrameworksBuildPhase;
			buildActionMask = 2147483647;
			files = (
			);
			runOnlyForDeploymentPostprocessing = 0;
		};
		16B76CED1C882FBD00519202 /* Frameworks */ = {
			isa = PBXFrameworksBuildPhase;
			buildActionMask = 2147483647;
			files = (
			);
			runOnlyForDeploymentPostprocessing = 0;
		};
/* End PBXFrameworksBuildPhase section */

/* Begin PBXGroup section */
		16B76CC81C882FBD00519202 = {
			isa = PBXGroup;
			children = (
				16B76CD31C882FBD00519202 /* calendar */,
				16B76CE81C882FBD00519202 /* calendarTests */,
				16B76CF31C882FBD00519202 /* calendarUITests */,
				16B76CD21C882FBD00519202 /* Products */,
			);
			sourceTree = "<group>";
		};
		16B76CD21C882FBD00519202 /* Products */ = {
			isa = PBXGroup;
			children = (
				16B76CD11C882FBD00519202 /* calendar.app */,
				16B76CE51C882FBD00519202 /* calendarTests.xctest */,
				16B76CF01C882FBD00519202 /* calendarUITests.xctest */,
			);
			name = Products;
			sourceTree = "<group>";
		};
		16B76CD31C882FBD00519202 /* calendar */ = {
			isa = PBXGroup;
			children = (
				16B76CD41C882FBD00519202 /* AppDelegate.swift */,
				16B76CD61C882FBD00519202 /* ViewController.swift */,
				16B76CD81C882FBD00519202 /* Main.storyboard */,
				16B76CDB1C882FBD00519202 /* Assets.xcassets */,
				16B76CDD1C882FBD00519202 /* LaunchScreen.storyboard */,
				16B76CE01C882FBD00519202 /* Info.plist */,
			);
			path = calendar;
			sourceTree = "<group>";
		};
		16B76CE81C882FBD00519202 /* calendarTests */ = {
			isa = PBXGroup;
			children = (
				16B76CE91C882FBD00519202 /* calendarTests.swift */,
				16B76CEB1C882FBD00519202 /* Info.plist */,
			);
			path = calendarTests;
			sourceTree = "<group>";
		};
		16B76CF31C882FBD00519202 /* calendarUITests */ = {
			isa = PBXGroup;
			children = (
				16B76CF41C882FBD00519202 /* calendarUITests.swift */,
				16B76CF61C882FBD00519202 /* Info.plist */,
			);
			path = calendarUITests;
			sourceTree = "<group>";
		};
/* End PBXGroup section */

/* Begin PBXNativeTarget section */
		16B76CD01C882FBD00519202 /* calendar */ = {
			isa = PBXNativeTarget;
			buildConfigurationList = 16B76CF91C882FBD00519202 /* Build configuration list for PBXNativeTarget "calendar" */;
			buildPhases = (
				16B76CCD1C882FBD00519202 /* Sources */,
				16B76CCE1C882FBD00519202 /* Frameworks */,
				16B76CCF1C882FBD00519202 /* Resources */,
			);
			buildRules = (
			);
			dependencies = (
			);
			name = calendar;
			productName = calendar;
			productReference = 16B76CD11C882FBD00519202 /* calendar.app */;
			productType = "com.apple.product-type.application";
		};
		16B76CE41C882FBD00519202 /* calendarTests */ = {
			isa = PBXNativeTarget;
			buildConfigurationList = 16B76CFC1C882FBD00519202 /* Build configuration list for PBXNativeTarget "calendarTests" */;
			buildPhases = (
				16B76CE11C882FBD00519202 /* Sources */,
				16B76CE21C882FBD00519202 /* Frameworks */,
				16B76CE31C882FBD00519202 /* Resources */,
			);
			buildRules = (
			);
			dependencies = (
				16B76CE71C882FBD00519202 /* PBXTargetDependency */,
			);
			name = calendarTests;
			productName = calendarTests;
			productReference = 16B76CE51C882FBD00519202 /* calendarTests.xctest */;
			productType = "com.apple.product-type.bundle.unit-test";
		};
		16B76CEF1C882FBD00519202 /* calendarUITests */ = {
			isa = PBXNativeTarget;
			buildConfigurationList = 16B76CFF1C882FBD00519202 /* Build configuration list for PBXNativeTarget "calendarUITests" */;
			buildPhases = (
				16B76CEC1C882FBD00519202 /* Sources */,
				16B76CED1C882FBD00519202 /* Frameworks */,
				16B76CEE1C882FBD00519202 /* Resources */,
			);
			buildRules = (
			);
			dependencies = (
				16B76CF21C882FBD00519202 /* PBXTargetDependency */,
			);
			name = calendarUITests;
			productName = calendarUITests;
			productReference = 16B76CF01C882FBD00519202 /* calendarUITests.xctest */;
			productType = "com.apple.product-type.bundle.ui-testing";
		};
/* End PBXNativeTarget section */

/* Begin PBXProject section */
		16B76CC91C882FBD00519202 /* Project object */ = {
			isa = PBXProject;
			attributes = {
				LastSwiftUpdateCheck = 0720;
				LastUpgradeCheck = 0720;
				ORGANIZATIONNAME = mortal;
				TargetAttributes = {
					16B76CD01C882FBD00519202 = {
						CreatedOnToolsVersion = 7.2.1;
					};
					16B76CE41C882FBD00519202 = {
						CreatedOnToolsVersion = 7.2.1;
						TestTargetID = 16B76CD01C882FBD00519202;
					};
					16B76CEF1C882FBD00519202 = {
						CreatedOnToolsVersion = 7.2.1;
						TestTargetID = 16B76CD01C882FBD00519202;
					};
				};
			};
			buildConfigurationList = 16B76CCC1C882FBD00519202 /* Build configuration list for PBXProject "calendar" */;
			compatibilityVersion = "Xcode 3.2";
			developmentRegion = English;
			hasScannedForEncodings = 0;
			knownRegions = (
				en,
				Base,
			);
			mainGroup = 16B76CC81C882FBD00519202;
			productRefGroup = 16B76CD21C882FBD00519202 /* Products */;
			projectDirPath = "";
			projectRoot = "";
			targets = (
				16B76CD01C882FBD00519202 /* calendar */,
				16B76CE41C882FBD00519202 /* calendarTests */,
				16B76CEF1C882FBD00519202 /* calendarUITests */,
			);
		};
/* End PBXProject section */

/* Begin PBXResourcesBuildPhase section */
		16B76CCF1C882FBD00519202 /* Resources */ = {
			isa = PBXResourcesBuildPhase;
			buildActionMask = 2147483647;
			files = (
				16B76CDF1C882FBD00519202 /* LaunchScreen.storyboard in Resources */,
				16B76CDC1C882FBD00519202 /* Assets.xcassets in Resources */,
				16B76CDA1C882FBD00519202 /* Main.storyboard in Resources */,
			);
			runOnlyForDeploymentPostprocessing = 0;
		};
		16B76CE31C882FBD00519202 /* Resources */ = {
			isa = PBXResourcesBuildPhase;
			buildActionMask = 2147483647;
			files = (
			);
			runOnlyForDeploymentPostprocessing = 0;
		};
		16B76CEE1C882FBD00519202 /* Resources */ = {
			isa = PBXResourcesBuildPhase;
			buildActionMask = 2147483647;
			files = (
			);
			runOnlyForDeploymentPostprocessing = 0;
		};
/* End PBXResourcesBuildPhase section */

/* Begin PBXSourcesBuildPhase section */
		16B76CCD1C882FBD00519202 /* Sources */ = {
			isa = PBXSourcesBuildPhase;
			buildActionMask = 2147483647;
			files = (
				16B76CD71C882FBD00519202 /* ViewController.swift in Sources */,
				16B76CD51C882FBD00519202 /* AppDelegate.swift in Sources */,
			);
			runOnlyForDeploymentPostprocessing = 0;
		};
		16B76CE11C882FBD00519202 /* Sources */ = {
			isa = PBXSourcesBuildPhase;
			buildActionMask = 2147483647;
			files = (
				16B76CEA1C882FBD00519202 /* calendarTests.swift in Sources */,
			);
			runOnlyForDeploymentPostprocessing = 0;
		};
		16B76CEC1C882FBD00519202 /* Sources */ = {
			isa = PBXSourcesBuildPhase;
			buildActionMask = 2147483647;
			files = (
				16B76CF51C882FBD00519202 /* calendarUITests.swift in Sources */,
			);
			runOnlyForDeploymentPostprocessing = 0;
		};
/* End PBXSourcesBuildPhase section */

/* Begin PBXTargetDependency section */
		16B76CE71C882FBD00519202 /* PBXTargetDependency */ = {
			isa = PBXTargetDependency;
			target = 16B76CD01C882FBD00519202 /* calendar */;
			targetProxy = 16B76CE61C882FBD00519202 /* PBXContainerItemProxy */;
		};
		16B76CF21C882FBD00519202 /* PBXTargetDependency */ = {
			isa = PBXTargetDependency;
			target = 16B76CD01C882FBD00519202 /* calendar */;
			targetProxy = 16B76CF11C882FBD00519202 /* PBXContainerItemProxy */;
		};
/* End PBXTargetDependency section */

/* Begin PBXVariantGroup section */
		16B76CD81C882FBD00519202 /* Main.storyboard */ = {
			isa = PBXVariantGroup;
			children = (
				16B76CD91C882FBD00519202 /* Base */,
			);
			name = Main.storyboard;
			sourceTree = "<group>";
		};
		16B76CDD1C882FBD00519202 /* LaunchScreen.storyboard */ = {
			isa = PBXVariantGroup;
			children = (
				16B76CDE1C882FBD00519202 /* Base */,
			);
			name = LaunchScreen.storyboard;
			sourceTree = "<group>";
		};
/* End PBXVariantGroup section */

/* Begin XCBuildConfiguration section */
		16B76CF71C882FBD00519202 /* Debug */ = {
			isa = XCBuildConfiguration;
			buildSettings = {
				ALWAYS_SEARCH_USER_PATHS = NO;
				CLANG_CXX_LANGUAGE_STANDARD = "gnu++0x";
				CLANG_CXX_LIBRARY = "libc++";
				CLANG_ENABLE_MODULES = YES;
				CLANG_ENABLE_OBJC_ARC = YES;
				CLANG_WARN_BOOL_CONVERSION = YES;
				CLANG_WARN_CONSTANT_CONVERSION = YES;
				CLANG_WARN_DIRECT_OBJC_ISA_USAGE = YES_ERROR;
				CLANG_WARN_EMPTY_BODY = YES;
				CLANG_WARN_ENUM_CONVERSION = YES;
				CLANG_WARN_INT_CONVERSION = YES;
				CLANG_WARN_OBJC_ROOT_CLASS = YES_ERROR;
				CLANG_WARN_UNREACHABLE_CODE = YES;
				CLANG_WARN__DUPLICATE_METHOD_MATCH = YES;
				"CODE_SIGN_IDENTITY[sdk=iphoneos*]" = "iPhone Developer";
				COPY_PHASE_STRIP = NO;
				DEBUG_INFORMATION_FORMAT = dwarf;
				ENABLE_STRICT_OBJC_MSGSEND = YES;
				ENABLE_TESTABILITY = YES;
				GCC_C_LANGUAGE_STANDARD = gnu99;
				GCC_DYNAMIC_NO_PIC = NO;
				GCC_NO_COMMON_BLOCKS = YES;
				GCC_OPTIMIZATION_LEVEL = 0;
				GCC_PREPROCESSOR_DEFINITIONS = (
					"DEBUG=1",
					"$(inherited)",
				);
				GCC_WARN_64_TO_32_BIT_CONVERSION = YES;
				GCC_WARN_ABOUT_RETURN_TYPE = YES_ERROR;
				GCC_WARN_UNDECLARED_SELECTOR = YES;
				GCC_WARN_UNINITIALIZED_AUTOS = YES_AGGRESSIVE;
				GCC_WARN_UNUSED_FUNCTION = YES;
				GCC_WARN_UNUSED_VARIABLE = YES;
				IPHONEOS_DEPLOYMENT_TARGET = 9.2;
				MTL_ENABLE_DEBUG_INFO = YES;
				ONLY_ACTIVE_ARCH = YES;
				SDKROOT = iphoneos;
				SWIFT_OPTIMIZATION_LEVEL = "-Onone";
			};
			name = Debug;
		};
		16B76CF81C882FBD00519202 /* Release */ = {
			isa = XCBuildConfiguration;
			buildSettings = {
				ALWAYS_SEARCH_USER_PATHS = NO;
				CLANG_CXX_LANGUAGE_STANDARD = "gnu++0x";
				CLANG_CXX_LIBRARY = "libc++";
				CLANG_ENABLE_MODULES = YES;
				CLANG_ENABLE_OBJC_ARC = YES;
				CLANG_WARN_BOOL_CONVERSION = YES;
				CLANG_WARN_CONSTANT_CONVERSION = YES;
				CLANG_WARN_DIRECT_OBJC_ISA_USAGE = YES_ERROR;
				CLANG_WARN_EMPTY_BODY = YES;
				CLANG_WARN_ENUM_CONVERSION = YES;
				CLANG_WARN_INT_CONVERSION = YES;
				CLANG_WARN_OBJC_ROOT_CLASS = YES_ERROR;
				CLANG_WARN_UNREACHABLE_CODE = YES;
				CLANG_WARN__DUPLICATE_METHOD_MATCH = YES;
				"CODE_SIGN_IDENTITY[sdk=iphoneos*]" = "iPhone Developer";
				COPY_PHASE_STRIP = NO;
				DEBUG_INFORMATION_FORMAT = "dwarf-with-dsym";
				ENABLE_NS_ASSERTIONS = NO;
				ENABLE_STRICT_OBJC_MSGSEND = YES;
				GCC_C_LANGUAGE_STANDARD = gnu99;
				GCC_NO_COMMON_BLOCKS = YES;
				GCC_WARN_64_TO_32_BIT_CONVERSION = YES;
				GCC_WARN_ABOUT_RETURN_TYPE = YES_ERROR;
				GCC_WARN_UNDECLARED_SELECTOR = YES;
				GCC_WARN_UNINITIALIZED_AUTOS = YES_AGGRESSIVE;
				GCC_WARN_UNUSED_FUNCTION = YES;
				GCC_WARN_UNUSED_VARIABLE = YES;
				IPHONEOS_DEPLOYMENT_TARGET = 9.2;
				MTL_ENABLE_DEBUG_INFO = NO;
				SDKROOT = iphoneos;
				VALIDATE_PRODUCT = YES;
			};
			name = Release;
		};
		16B76CFA1C882FBD00519202 /* Debug */ = {
			isa = XCBuildConfiguration;
			buildSettings = {
				ASSETCATALOG_COMPILER_APPICON_NAME = AppIcon;
				INFOPLIST_FILE = calendar/Info.plist;
				IPHONEOS_DEPLOYMENT_TARGET = 8.1;
				LD_RUNPATH_SEARCH_PATHS = "$(inherited) @executable_path/Frameworks";
				PRODUCT_BUNDLE_IDENTIFIER = com.KK.calendar;
				PRODUCT_NAME = "$(TARGET_NAME)";
			};
			name = Debug;
		};
		16B76CFB1C882FBD00519202 /* Release */ = {
			isa = XCBuildConfiguration;
			buildSettings = {
				ASSETCATALOG_COMPILER_APPICON_NAME = AppIcon;
				INFOPLIST_FILE = calendar/Info.plist;
				IPHONEOS_DEPLOYMENT_TARGET = 8.1;
				LD_RUNPATH_SEARCH_PATHS = "$(inherited) @executable_path/Frameworks";
				PRODUCT_BUNDLE_IDENTIFIER = com.KK.calendar;
				PRODUCT_NAME = "$(TARGET_NAME)";
			};
			name = Release;
		};
		16B76CFD1C882FBD00519202 /* Debug */ = {
			isa = XCBuildConfiguration;
			buildSettings = {
				BUNDLE_LOADER = "$(TEST_HOST)";
				INFOPLIST_FILE = calendarTests/Info.plist;
				LD_RUNPATH_SEARCH_PATHS = "$(inherited) @executable_path/Frameworks @loader_path/Frameworks";
				PRODUCT_BUNDLE_IDENTIFIER = com.KK.calendarTests;
				PRODUCT_NAME = "$(TARGET_NAME)";
				TEST_HOST = "$(BUILT_PRODUCTS_DIR)/calendar.app/calendar";
			};
			name = Debug;
		};
		16B76CFE1C882FBD00519202 /* Release */ = {
			isa = XCBuildConfiguration;
			buildSettings = {
				BUNDLE_LOADER = "$(TEST_HOST)";
				INFOPLIST_FILE = calendarTests/Info.plist;
				LD_RUNPATH_SEARCH_PATHS = "$(inherited) @executable_path/Frameworks @loader_path/Frameworks";
				PRODUCT_BUNDLE_IDENTIFIER = com.KK.calendarTests;
				PRODUCT_NAME = "$(TARGET_NAME)";
				TEST_HOST = "$(BUILT_PRODUCTS_DIR)/calendar.app/calendar";
			};
			name = Release;
		};
		16B76D001C882FBD00519202 /* Debug */ = {
			isa = XCBuildConfiguration;
			buildSettings = {
				INFOPLIST_FILE = calendarUITests/Info.plist;
				LD_RUNPATH_SEARCH_PATHS = "$(inherited) @executable_path/Frameworks @loader_path/Frameworks";
				PRODUCT_BUNDLE_IDENTIFIER = com.KK.calendarUITests;
				PRODUCT_NAME = "$(TARGET_NAME)";
				TEST_TARGET_NAME = calendar;
				USES_XCTRUNNER = YES;
			};
			name = Debug;
		};
		16B76D011C882FBD00519202 /* Release */ = {
			isa = XCBuildConfiguration;
			buildSettings = {
				INFOPLIST_FILE = calendarUITests/Info.plist;
				LD_RUNPATH_SEARCH_PATHS = "$(inherited) @executable_path/Frameworks @loader_path/Frameworks";
				PRODUCT_BUNDLE_IDENTIFIER = com.KK.calendarUITests;
				PRODUCT_NAME = "$(TARGET_NAME)";
				TEST_TARGET_NAME = calendar;
				USES_XCTRUNNER = YES;
			};
			name = Release;
		};
/* End XCBuildConfiguration section */

/* Begin XCConfigurationList section */
		16B76CCC1C882FBD00519202 /* Build configuration list for PBXProject "calendar" */ = {
			isa = XCConfigurationList;
			buildConfigurations = (
				16B76CF71C882FBD00519202 /* Debug */,
				16B76CF81C882FBD00519202 /* Release */,
			);
			defaultConfigurationIsVisible = 0;
			defaultConfigurationName = Release;
		};
		16B76CF91C882FBD00519202 /* Build configuration list for PBXNativeTarget "calendar" */ = {
			isa = XCConfigurationList;
			buildConfigurations = (
				16B76CFA1C882FBD00519202 /* Debug */,
				16B76CFB1C882FBD00519202 /* Release */,
			);
			defaultConfigurationIsVisible = 0;
		};
		16B76CFC1C882FBD00519202 /* Build configuration list for PBXNativeTarget "calendarTests" */ = {
			isa = XCConfigurationList;
			buildConfigurations = (
				16B76CFD1C882FBD00519202 /* Debug */,
				16B76CFE1C882FBD00519202 /* Release */,
			);
			defaultConfigurationIsVisible = 0;
		};
		16B76CFF1C882FBD00519202 /* Build configuration list for PBXNativeTarget "calendarUITests" */ = {
			isa = XCConfigurationList;
			buildConfigurations = (
				16B76D001C882FBD00519202 /* Debug */,
				16B76D011C882FBD00519202 /* Release */,
			);
			defaultConfigurationIsVisible = 0;
		};
/* End XCConfigurationList section */
	};
	rootObject = 16B76CC91C882FBD00519202 /* Project object */;
}
